
Microsoft Visual Studio Solution File, Format Version 12.00
# Visual Studio 15
VisualStudioVersion = 15.0.26124.0
MinimumVisualStudioVersion = 15.0.26124.0
Project("{FAE04EC0-301F-11D3-BF4B-00C04F79EFBC}") = "Practice.SuperSocket.ChatRoom.Server", "Practice.SuperSocket.ChatRoom.Server\Practice.SuperSocket.ChatRoom.Server.csproj", "{D088B8C1-256B-497E-B0DE-08500BDA287F}"
EndProject
Project("{FAE04EC0-301F-11D3-BF4B-00C04F79EFBC}") = "Practice.SuperSocket", "Practice.SuperSocket\Practice.SuperSocket.csproj", "{D411649B-AA1D-4EFE-AF5D-87B2FF9E69D0}"
EndProject
Project("{FAE04EC0-301F-11D3-BF4B-00C04F79EFBC}") = "Practice.SuperSocket.ChatRoom.Client", "Practice.SuperSocket.ChatRoom.Client\Practice.SuperSocket.ChatRoom.Client.csproj", "{B8AF2CCC-A56F-456A-AD41-C4DF89ABFB60}"
EndProject
Project("{FAE04EC0-301F-11D3-BF4B-00C04F79EFBC}") = "Practice.SuperSocket.EchoServer", "Practice.SuperSocket.EchoServer\Practice.SuperSocket.EchoServer.csproj", "{CE8897FF-7587-4397-9807-27CC7E2BBD40}"
EndProject
Project("{FAE04EC0-301F-11D3-BF4B-00C04F79EFBC}") = "Practice.SuperSocket.GameService", "Practice.SuperSocket.GameService\Practice.SuperSocket.GameService.csproj", "{FDA752D3-42BD-4F5E-8D5F-CC4B610ACE23}"
EndProject
Project("{FAE04EC0-301F-11D3-BF4B-00C04F79EFBC}") = "Practice.SuperSocket.WebSocket", "Practice.SuperSocket.WebSocket\Practice.SuperSocket.WebSocket.csproj", "{D0DBB525-64F7-4AE2-9FB9-098FFB164460}"
EndProject
Global
	GlobalSection(SolutionConfigurationPlatforms) = preSolution
		Debug|Any CPU = Debug|Any CPU
		Debug|x64 = Debug|x64
		Debug|x86 = Debug|x86
		Release|Any CPU = Release|Any CPU
		Release|x64 = Release|x64
		Release|x86 = Release|x86
	EndGlobalSection
	GlobalSection(SolutionProperties) = preSolution
		HideSolutionNode = FALSE
	EndGlobalSection
	GlobalSection(ProjectConfigurationPlatforms) = postSolution
		{D088B8C1-256B-497E-B0DE-08500BDA287F}.Debug|Any CPU.ActiveCfg = Debug|Any CPU
		{D088B8C1-256B-497E-B0DE-08500BDA287F}.Debug|Any CPU.Build.0 = Debug|Any CPU
		{D088B8C1-256B-497E-B0DE-08500BDA287F}.Debug|x64.ActiveCfg = Debug|Any CPU
		{D088B8C1-256B-497E-B0DE-08500BDA287F}.Debug|x64.Build.0 = Debug|Any CPU
		{D088B8C1-256B-497E-B0DE-08500BDA287F}.Debug|x86.ActiveCfg = Debug|Any CPU
		{D088B8C1-256B-497E-B0DE-08500BDA287F}.Debug|x86.Build.0 = Debug|Any CPU
		{D088B8C1-256B-497E-B0DE-08500BDA287F}.Release|Any CPU.ActiveCfg = Release|Any CPU
		{D088B8C1-256B-497E-B0DE-08500BDA287F}.Release|Any CPU.Build.0 = Release|Any CPU
		{D088B8C1-256B-497E-B0DE-08500BDA287F}.Release|x64.ActiveCfg = Release|Any CPU
		{D088B8C1-256B-497E-B0DE-08500BDA287F}.Release|x64.Build.0 = Release|Any CPU
		{D088B8C1-256B-497E-B0DE-08500BDA287F}.Release|x86.ActiveCfg = Release|Any CPU
		{D088B8C1-256B-497E-B0DE-08500BDA287F}.Release|x86.Build.0 = Release|Any CPU
		{D411649B-AA1D-4EFE-AF5D-87B2FF9E69D0}.Debug|Any CPU.ActiveCfg = Debug|Any CPU
		{D411649B-AA1D-4EFE-AF5D-87B2FF9E69D0}.Debug|Any CPU.Build.0 = Debug|Any CPU
		{D411649B-AA1D-4EFE-AF5D-87B2FF9E69D0}.Debug|x64.ActiveCfg = Debug|Any CPU
		{D411649B-AA1D-4EFE-AF5D-87B2FF9E69D0}.Debug|x64.Build.0 = Debug|Any CPU
		{D411649B-AA1D-4EFE-AF5D-87B2FF9E69D0}.Debug|x86.ActiveCfg = Debug|Any CPU
		{D411649B-AA1D-4EFE-AF5D-87B2FF9E69D0}.Debug|x86.Build.0 = Debug|Any CPU
		{D411649B-AA1D-4EFE-AF5D-87B2FF9E69D0}.Release|Any CPU.ActiveCfg = Release|Any CPU
		{D411649B-AA1D-4EFE-AF5D-87B2FF9E69D0}.Release|Any CPU.Build.0 = Release|Any CPU
		{D411649B-AA1D-4EFE-AF5D-87B2FF9E69D0}.Release|x64.ActiveCfg = Release|Any CPU
		{D411649B-AA1D-4EFE-AF5D-87B2FF9E69D0}.Release|x64.Build.0 = Release|Any CPU
		{D411649B-AA1D-4EFE-AF5D-87B2FF9E69D0}.Release|x86.ActiveCfg = Release|Any CPU
		{D411649B-AA1D-4EFE-AF5D-87B2FF9E69D0}.Release|x86.Build.0 = Release|Any CPU
		{B8AF2CCC-A56F-456A-AD41-C4DF89ABFB60}.Debug|Any CPU.ActiveCfg = Debug|Any CPU
		{B8AF2CCC-A56F-456A-AD41-C4DF89ABFB60}.Debug|Any CPU.Build.0 = Debug|Any CPU
		{B8AF2CCC-A56F-456A-AD41-C4DF89ABFB60}.Debug|x64.ActiveCfg = Debug|Any CPU
		{B8AF2CCC-A56F-456A-AD41-C4DF89ABFB60}.Debug|x64.Build.0 = Debug|Any CPU
		{B8AF2CCC-A56F-456A-AD41-C4DF89ABFB60}.Debug|x86.ActiveCfg = Debug|Any CPU
		{B8AF2CCC-A56F-456A-AD41-C4DF89ABFB60}.Debug|x86.Build.0 = Debug|Any CPU
		{B8AF2CCC-A56F-456A-AD41-C4DF89ABFB60}.Release|Any CPU.ActiveCfg = Release|Any CPU
		{B8AF2CCC-A56F-456A-AD41-C4DF89ABFB60}.Release|Any CPU.Build.0 = Release|Any CPU
		{B8AF2CCC-A56F-456A-AD41-C4DF89ABFB60}.Release|x64.ActiveCfg = Release|Any CPU
		{B8AF2CCC-A56F-456A-AD41-C4DF89ABFB60}.Release|x64.Build.0 = Release|Any CPU
		{B8AF2CCC-A56F-456A-AD41-C4DF89ABFB60}.Release|x86.ActiveCfg = Release|Any CPU
		{B8AF2CCC-A56F-456A-AD41-C4DF89ABFB60}.Release|x86.Build.0 = Release|Any CPU
		{CE8897FF-7587-4397-9807-27CC7E2BBD40}.Debug|Any CPU.ActiveCfg = Debug|Any CPU
		{CE8897FF-7587-4397-9807-27CC7E2BBD40}.Debug|Any CPU.Build.0 = Debug|Any CPU
		{CE8897FF-7587-4397-9807-27CC7E2BBD40}.Debug|x64.ActiveCfg = Debug|Any CPU
		{CE8897FF-7587-4397-9807-27CC7E2BBD40}.Debug|x64.Build.0 = Debug|Any CPU
		{CE8897FF-7587-4397-9807-27CC7E2BBD40}.Debug|x86.ActiveCfg = Debug|Any CPU
		{CE8897FF-7587-4397-9807-27CC7E2BBD40}.Debug|x86.Build.0 = Debug|Any CPU
		{CE8897FF-7587-4397-9807-27CC7E2BBD40}.Release|Any CPU.ActiveCfg = Release|Any CPU
		{CE8897FF-7587-4397-9807-27CC7E2BBD40}.Release|Any CPU.Build.0 = Release|Any CPU
		{CE8897FF-7587-4397-9807-27CC7E2BBD40}.Release|x64.ActiveCfg = Release|Any CPU
		{CE8897FF-7587-4397-9807-27CC7E2BBD40}.Release|x64.Build.0 = Release|Any CPU
		{CE8897FF-7587-4397-9807-27CC7E2BBD40}.Release|x86.ActiveCfg = Release|Any CPU
		{CE8897FF-7587-4397-9807-27CC7E2BBD40}.Release|x86.Build.0 = Release|Any CPU
		{FDA752D3-42BD-4F5E-8D5F-CC4B610ACE23}.Debug|Any CPU.ActiveCfg = Debug|Any CPU
		{FDA752D3-42BD-4F5E-8D5F-CC4B610ACE23}.Debug|Any CPU.Build.0 = Debug|Any CPU
		{FDA752D3-42BD-4F5E-8D5F-CC4B610ACE23}.Debug|x64.ActiveCfg = Debug|Any CPU
		{FDA752D3-42BD-4F5E-8D5F-CC4B610ACE23}.Debug|x64.Build.0 = Debug|Any CPU
		{FDA752D3-42BD-4F5E-8D5F-CC4B610ACE23}.Debug|x86.ActiveCfg = Debug|Any CPU
		{FDA752D3-42BD-4F5E-8D5F-CC4B610ACE23}.Debug|x86.Build.0 = Debug|Any CPU
		{FDA752D3-42BD-4F5E-8D5F-CC4B610ACE23}.Release|Any CPU.ActiveCfg = Release|Any CPU
		{FDA752D3-42BD-4F5E-8D5F-CC4B610ACE23}.Release|Any CPU.Build.0 = Release|Any CPU
		{FDA752D3-42BD-4F5E-8D5F-CC4B610ACE23}.Release|x64.ActiveCfg = Release|Any CPU
		{FDA752D3-42BD-4F5E-8D5F-CC4B610ACE23}.Release|x64.Build.0 = Release|Any CPU
		{FDA752D3-42BD-4F5E-8D5F-CC4B610ACE23}.Release|x86.ActiveCfg = Release|Any CPU
		{FDA752D3-42BD-4F5E-8D5F-CC4B610ACE23}.Release|x86.Build.0 = Release|Any CPU
		{D0DBB525-64F7-4AE2-9FB9-098FFB164460}.Debug|Any CPU.ActiveCfg = Debug|Any CPU
		{D0DBB525-64F7-4AE2-9FB9-098FFB164460}.Debug|Any CPU.Build.0 = Debug|Any CPU
		{D0DBB525-64F7-4AE2-9FB9-098FFB164460}.Debug|x64.ActiveCfg = Debug|Any CPU
		{D0DBB525-64F7-4AE2-9FB9-098FFB164460}.Debug|x64.Build.0 = Debug|Any CPU
		{D0DBB525-64F7-4AE2-9FB9-098FFB164460}.Debug|x86.ActiveCfg = Debug|Any CPU
		{D0DBB525-64F7-4AE2-9FB9-098FFB164460}.Debug|x86.Build.0 = Debug|Any CPU
		{D0DBB525-64F7-4AE2-9FB9-098FFB164460}.Release|Any CPU.ActiveCfg = Release|Any CPU
		{D0DBB525-64F7-4AE2-9FB9-098FFB164460}.Release|Any CPU.Build.0 = Release|Any CPU
		{D0DBB525-64F7-4AE2-9FB9-098FFB164460}.Release|x64.ActiveCfg = Release|Any CPU
		{D0DBB525-64F7-4AE2-9FB9-098FFB164460}.Release|x64.Build.0 = Release|Any CPU
		{D0DBB525-64F7-4AE2-9FB9-098FFB164460}.Release|x86.ActiveCfg = Release|Any CPU
		{D0DBB525-64F7-4AE2-9FB9-098FFB164460}.Release|x86.Build.0 = Release|Any CPU
	EndGlobalSection
EndGlobal
