
Microsoft Visual Studio Solution File, Format Version 12.00
# Visual Studio 15
VisualStudioVersion = 15.0.26124.0
MinimumVisualStudioVersion = 15.0.26124.0
Project("{FAE04EC0-301F-11D3-BF4B-00C04F79EFBC}") = "Practice.GenericHost", "Practice.GenericHost\Practice.GenericHost.csproj", "{FD5C0AF1-ACDE-407D-89CB-1D59ADDB567A}"
EndProject
Project("{FAE04EC0-301F-11D3-BF4B-00C04F79EFBC}") = "Practice.GenConsole.Test", "Practice.GenConsole.Test\Practice.GenConsole.Test.csproj", "{E8EE97A5-7477-49D4-BAE4-2D38ED594E3E}"
EndProject
Project("{FAE04EC0-301F-11D3-BF4B-00C04F79EFBC}") = "GenericConsole.Units", "GenericConsole.Units\GenericConsole.Units.csproj", "{7845F726-60D7-407B-99D6-859C099AB071}"
EndProject
Project("{FAE04EC0-301F-11D3-BF4B-00C04F79EFBC}") = "Practice.ReactiveX.Test", "Practice.ReactiveX.Test\Practice.ReactiveX.Test.csproj", "{0155D7EB-D077-45EF-8374-78AB0CE5BFCB}"
EndProject
Global
	GlobalSection(SolutionProperties) = preSolution
		HideSolutionNode = FALSE
	EndGlobalSection
	GlobalSection(SolutionConfigurationPlatforms) = preSolution
		Debug|Any CPU = Debug|Any CPU
		Debug|x64 = Debug|x64
		Debug|x86 = Debug|x86
		Release|Any CPU = Release|Any CPU
		Release|x64 = Release|x64
		Release|x86 = Release|x86
	EndGlobalSection
	GlobalSection(ProjectConfigurationPlatforms) = postSolution
		{FD5C0AF1-ACDE-407D-89CB-1D59ADDB567A}.Debug|Any CPU.ActiveCfg = Debug|Any CPU
		{FD5C0AF1-ACDE-407D-89CB-1D59ADDB567A}.Debug|Any CPU.Build.0 = Debug|Any CPU
		{FD5C0AF1-ACDE-407D-89CB-1D59ADDB567A}.Debug|x64.ActiveCfg = Debug|Any CPU
		{FD5C0AF1-ACDE-407D-89CB-1D59ADDB567A}.Debug|x64.Build.0 = Debug|Any CPU
		{FD5C0AF1-ACDE-407D-89CB-1D59ADDB567A}.Debug|x86.ActiveCfg = Debug|Any CPU
		{FD5C0AF1-ACDE-407D-89CB-1D59ADDB567A}.Debug|x86.Build.0 = Debug|Any CPU
		{FD5C0AF1-ACDE-407D-89CB-1D59ADDB567A}.Release|Any CPU.ActiveCfg = Release|Any CPU
		{FD5C0AF1-ACDE-407D-89CB-1D59ADDB567A}.Release|Any CPU.Build.0 = Release|Any CPU
		{FD5C0AF1-ACDE-407D-89CB-1D59ADDB567A}.Release|x64.ActiveCfg = Release|Any CPU
		{FD5C0AF1-ACDE-407D-89CB-1D59ADDB567A}.Release|x64.Build.0 = Release|Any CPU
		{FD5C0AF1-ACDE-407D-89CB-1D59ADDB567A}.Release|x86.ActiveCfg = Release|Any CPU
		{FD5C0AF1-ACDE-407D-89CB-1D59ADDB567A}.Release|x86.Build.0 = Release|Any CPU
		{E8EE97A5-7477-49D4-BAE4-2D38ED594E3E}.Debug|Any CPU.ActiveCfg = Debug|Any CPU
		{E8EE97A5-7477-49D4-BAE4-2D38ED594E3E}.Debug|Any CPU.Build.0 = Debug|Any CPU
		{E8EE97A5-7477-49D4-BAE4-2D38ED594E3E}.Debug|x64.ActiveCfg = Debug|Any CPU
		{E8EE97A5-7477-49D4-BAE4-2D38ED594E3E}.Debug|x64.Build.0 = Debug|Any CPU
		{E8EE97A5-7477-49D4-BAE4-2D38ED594E3E}.Debug|x86.ActiveCfg = Debug|Any CPU
		{E8EE97A5-7477-49D4-BAE4-2D38ED594E3E}.Debug|x86.Build.0 = Debug|Any CPU
		{E8EE97A5-7477-49D4-BAE4-2D38ED594E3E}.Release|Any CPU.ActiveCfg = Release|Any CPU
		{E8EE97A5-7477-49D4-BAE4-2D38ED594E3E}.Release|Any CPU.Build.0 = Release|Any CPU
		{E8EE97A5-7477-49D4-BAE4-2D38ED594E3E}.Release|x64.ActiveCfg = Release|Any CPU
		{E8EE97A5-7477-49D4-BAE4-2D38ED594E3E}.Release|x64.Build.0 = Release|Any CPU
		{E8EE97A5-7477-49D4-BAE4-2D38ED594E3E}.Release|x86.ActiveCfg = Release|Any CPU
		{E8EE97A5-7477-49D4-BAE4-2D38ED594E3E}.Release|x86.Build.0 = Release|Any CPU
		{7845F726-60D7-407B-99D6-859C099AB071}.Debug|Any CPU.ActiveCfg = Debug|Any CPU
		{7845F726-60D7-407B-99D6-859C099AB071}.Debug|Any CPU.Build.0 = Debug|Any CPU
		{7845F726-60D7-407B-99D6-859C099AB071}.Debug|x64.ActiveCfg = Debug|Any CPU
		{7845F726-60D7-407B-99D6-859C099AB071}.Debug|x64.Build.0 = Debug|Any CPU
		{7845F726-60D7-407B-99D6-859C099AB071}.Debug|x86.ActiveCfg = Debug|Any CPU
		{7845F726-60D7-407B-99D6-859C099AB071}.Debug|x86.Build.0 = Debug|Any CPU
		{7845F726-60D7-407B-99D6-859C099AB071}.Release|Any CPU.ActiveCfg = Release|Any CPU
		{7845F726-60D7-407B-99D6-859C099AB071}.Release|Any CPU.Build.0 = Release|Any CPU
		{7845F726-60D7-407B-99D6-859C099AB071}.Release|x64.ActiveCfg = Release|Any CPU
		{7845F726-60D7-407B-99D6-859C099AB071}.Release|x64.Build.0 = Release|Any CPU
		{7845F726-60D7-407B-99D6-859C099AB071}.Release|x86.ActiveCfg = Release|Any CPU
		{7845F726-60D7-407B-99D6-859C099AB071}.Release|x86.Build.0 = Release|Any CPU
		{0155D7EB-D077-45EF-8374-78AB0CE5BFCB}.Debug|Any CPU.ActiveCfg = Debug|Any CPU
		{0155D7EB-D077-45EF-8374-78AB0CE5BFCB}.Debug|Any CPU.Build.0 = Debug|Any CPU
		{0155D7EB-D077-45EF-8374-78AB0CE5BFCB}.Debug|x64.ActiveCfg = Debug|Any CPU
		{0155D7EB-D077-45EF-8374-78AB0CE5BFCB}.Debug|x64.Build.0 = Debug|Any CPU
		{0155D7EB-D077-45EF-8374-78AB0CE5BFCB}.Debug|x86.ActiveCfg = Debug|Any CPU
		{0155D7EB-D077-45EF-8374-78AB0CE5BFCB}.Debug|x86.Build.0 = Debug|Any CPU
		{0155D7EB-D077-45EF-8374-78AB0CE5BFCB}.Release|Any CPU.ActiveCfg = Release|Any CPU
		{0155D7EB-D077-45EF-8374-78AB0CE5BFCB}.Release|Any CPU.Build.0 = Release|Any CPU
		{0155D7EB-D077-45EF-8374-78AB0CE5BFCB}.Release|x64.ActiveCfg = Release|Any CPU
		{0155D7EB-D077-45EF-8374-78AB0CE5BFCB}.Release|x64.Build.0 = Release|Any CPU
		{0155D7EB-D077-45EF-8374-78AB0CE5BFCB}.Release|x86.ActiveCfg = Release|Any CPU
		{0155D7EB-D077-45EF-8374-78AB0CE5BFCB}.Release|x86.Build.0 = Release|Any CPU
	EndGlobalSection
EndGlobal
