
Microsoft Visual Studio Solution File, Format Version 12.00
# Visual Studio Version 16
VisualStudioVersion = 16.0.808.4
MinimumVisualStudioVersion = 10.0.40219.1
Project("{FAE04EC0-301F-11D3-BF4B-00C04F79EFBC}") = "StackLayoutTutorial.iOS", "StackLayoutTutorial.iOS\StackLayoutTutorial.iOS.csproj", "{545DC7DA-E06A-49F4-A01F-0BC4182EBD2E}"
EndProject
Project("{FAE04EC0-301F-11D3-BF4B-00C04F79EFBC}") = "StackLayoutTutorial", "StackLayoutTutorial\StackLayoutTutorial.csproj", "{16831AD9-2CF0-4D4C-8F15-FB5A8C4369E5}"
EndProject
Global
	GlobalSection(SolutionConfigurationPlatforms) = preSolution
		Debug|iPhoneSimulator = Debug|iPhoneSimulator
		Release|iPhoneSimulator = Release|iPhoneSimulator
		Debug|iPhone = Debug|iPhone
		Release|iPhone = Release|iPhone
		Debug|Any CPU = Debug|Any CPU
		Release|Any CPU = Release|Any CPU
	EndGlobalSection
	GlobalSection(ProjectConfigurationPlatforms) = postSolution
		{545DC7DA-E06A-49F4-A01F-0BC4182EBD2E}.Debug|iPhoneSimulator.ActiveCfg = Debug|iPhoneSimulator
		{545DC7DA-E06A-49F4-A01F-0BC4182EBD2E}.Debug|iPhoneSimulator.Build.0 = Debug|iPhoneSimulator
		{545DC7DA-E06A-49F4-A01F-0BC4182EBD2E}.Release|iPhoneSimulator.ActiveCfg = Release|iPhoneSimulator
		{545DC7DA-E06A-49F4-A01F-0BC4182EBD2E}.Release|iPhoneSimulator.Build.0 = Release|iPhoneSimulator
		{545DC7DA-E06A-49F4-A01F-0BC4182EBD2E}.Debug|iPhone.ActiveCfg = Debug|iPhone
		{545DC7DA-E06A-49F4-A01F-0BC4182EBD2E}.Debug|iPhone.Build.0 = Debug|iPhone
		{545DC7DA-E06A-49F4-A01F-0BC4182EBD2E}.Release|iPhone.ActiveCfg = Release|iPhone
		{545DC7DA-E06A-49F4-A01F-0BC4182EBD2E}.Release|iPhone.Build.0 = Release|iPhone
		{545DC7DA-E06A-49F4-A01F-0BC4182EBD2E}.Debug|Any CPU.ActiveCfg = Debug|iPhoneSimulator
		{545DC7DA-E06A-49F4-A01F-0BC4182EBD2E}.Debug|Any CPU.Build.0 = Debug|iPhoneSimulator
		{545DC7DA-E06A-49F4-A01F-0BC4182EBD2E}.Release|Any CPU.ActiveCfg = Release|iPhoneSimulator
		{545DC7DA-E06A-49F4-A01F-0BC4182EBD2E}.Release|Any CPU.Build.0 = Release|iPhoneSimulator
		{16831AD9-2CF0-4D4C-8F15-FB5A8C4369E5}.Debug|iPhoneSimulator.ActiveCfg = Debug|Any CPU
		{16831AD9-2CF0-4D4C-8F15-FB5A8C4369E5}.Debug|iPhoneSimulator.Build.0 = Debug|Any CPU
		{16831AD9-2CF0-4D4C-8F15-FB5A8C4369E5}.Release|iPhoneSimulator.ActiveCfg = Release|Any CPU
		{16831AD9-2CF0-4D4C-8F15-FB5A8C4369E5}.Release|iPhoneSimulator.Build.0 = Release|Any CPU
		{16831AD9-2CF0-4D4C-8F15-FB5A8C4369E5}.Debug|iPhone.ActiveCfg = Debug|Any CPU
		{16831AD9-2CF0-4D4C-8F15-FB5A8C4369E5}.Debug|iPhone.Build.0 = Debug|Any CPU
		{16831AD9-2CF0-4D4C-8F15-FB5A8C4369E5}.Release|iPhone.ActiveCfg = Release|Any CPU
		{16831AD9-2CF0-4D4C-8F15-FB5A8C4369E5}.Release|iPhone.Build.0 = Release|Any CPU
		{16831AD9-2CF0-4D4C-8F15-FB5A8C4369E5}.Debug|Any CPU.ActiveCfg = Debug|Any CPU
		{16831AD9-2CF0-4D4C-8F15-FB5A8C4369E5}.Debug|Any CPU.Build.0 = Debug|Any CPU
		{16831AD9-2CF0-4D4C-8F15-FB5A8C4369E5}.Release|Any CPU.ActiveCfg = Release|Any CPU
		{16831AD9-2CF0-4D4C-8F15-FB5A8C4369E5}.Release|Any CPU.Build.0 = Release|Any CPU
	EndGlobalSection
	GlobalSection(SolutionProperties) = preSolution
		HideSolutionNode = FALSE
	EndGlobalSection
	GlobalSection(ExtensibilityGlobals) = postSolution
		SolutionGuid = {AC1BC04A-61F0-442A-A2C9-CF7384C1441B}
	EndGlobalSection
EndGlobal
